
Microsoft Visual Studio Solution File, Format Version 12.00
# Visual Studio Version 17
VisualStudioVersion = 17.0.31717.71
MinimumVisualStudioVersion = 10.0.40219.1
Project("{9A19103F-16F7-4668-BE54-9A1E7A4F7556}") = "Viewer.Server", "Viewer.Server.csproj", "{DC8D93F1-81CB-45AB-8271-FD1A272B9D34}"
EndProject
Global
	GlobalSection(SolutionConfigurationPlatforms) = preSolution
		Debug|Any CPU = Debug|Any CPU
		Release|Any CPU = Release|Any CPU
	EndGlobalSection
	GlobalSection(ProjectConfigurationPlatforms) = postSolution
		{DC8D93F1-81CB-45AB-8271-FD1A272B9D34}.Debug|Any CPU.ActiveCfg = Debug|Any CPU
		{DC8D93F1-81CB-45AB-8271-FD1A272B9D34}.Debug|Any CPU.Build.0 = Debug|Any CPU
		{DC8D93F1-81CB-45AB-8271-FD1A272B9D34}.Release|Any CPU.ActiveCfg = Release|Any CPU
		{DC8D93F1-81CB-45AB-8271-FD1A272B9D34}.Release|Any CPU.Build.0 = Release|Any CPU
	EndGlobalSection
	GlobalSection(SolutionProperties) = preSolution
		HideSolutionNode = FALSE
	EndGlobalSection
	GlobalSection(ExtensibilityGlobals) = postSolution
		SolutionGuid = {AC32AF55-A95C-4F5D-895A-D8146C1BB934}
	EndGlobalSection
EndGlobal